
Microsoft Visual Studio Solution File, Format Version 12.00
# Visual Studio 15
VisualStudioVersion = 15.0.26730.12
MinimumVisualStudioVersion = 10.0.40219.1
Project("{FAE04EC0-301F-11D3-BF4B-00C04F79EFBC}") = "MVVMXamarinApp.Android", "MVVMXamarinApp\MVVMXamarinApp.Android\MVVMXamarinApp.Android.csproj", "{C96F6A55-9D73-4505-92B6-8A2A7ED5728F}"
EndProject
Project("{FAE04EC0-301F-11D3-BF4B-00C04F79EFBC}") = "MVVMXamarinApp", "MVVMXamarinApp\MVVMXamarinApp\MVVMXamarinApp.csproj", "{2958D90D-0E82-4BC4-B959-03367A84C409}"
EndProject
Project("{FAE04EC0-301F-11D3-BF4B-00C04F79EFBC}") = "MVVMXamarinApp.UWP", "MVVMXamarinApp\MVVMXamarinApp.UWP\MVVMXamarinApp.UWP.csproj", "{42173378-02FB-4A30-B9F6-BB25CAE317BC}"
EndProject
Project("{FAE04EC0-301F-11D3-BF4B-00C04F79EFBC}") = "MVVMXamarinApp.iOS", "MVVMXamarinApp\MVVMXamarinApp.iOS\MVVMXamarinApp.iOS.csproj", "{B119E788-0CDA-4E93-AC01-3EB4B8C8023A}"
EndProject
Global
	GlobalSection(SolutionConfigurationPlatforms) = preSolution
		Ad-Hoc|Any CPU = Ad-Hoc|Any CPU
		Ad-Hoc|ARM = Ad-Hoc|ARM
		Ad-Hoc|iPhone = Ad-Hoc|iPhone
		Ad-Hoc|iPhoneSimulator = Ad-Hoc|iPhoneSimulator
		Ad-Hoc|x64 = Ad-Hoc|x64
		Ad-Hoc|x86 = Ad-Hoc|x86
		AppStore|Any CPU = AppStore|Any CPU
		AppStore|ARM = AppStore|ARM
		AppStore|iPhone = AppStore|iPhone
		AppStore|iPhoneSimulator = AppStore|iPhoneSimulator
		AppStore|x64 = AppStore|x64
		AppStore|x86 = AppStore|x86
		Debug|Any CPU = Debug|Any CPU
		Debug|ARM = Debug|ARM
		Debug|iPhone = Debug|iPhone
		Debug|iPhoneSimulator = Debug|iPhoneSimulator
		Debug|x64 = Debug|x64
		Debug|x86 = Debug|x86
		Release|Any CPU = Release|Any CPU
		Release|ARM = Release|ARM
		Release|iPhone = Release|iPhone
		Release|iPhoneSimulator = Release|iPhoneSimulator
		Release|x64 = Release|x64
		Release|x86 = Release|x86
	EndGlobalSection
	GlobalSection(ProjectConfigurationPlatforms) = postSolution
		{C96F6A55-9D73-4505-92B6-8A2A7ED5728F}.Ad-Hoc|Any CPU.ActiveCfg = Release|Any CPU
		{C96F6A55-9D73-4505-92B6-8A2A7ED5728F}.Ad-Hoc|Any CPU.Build.0 = Release|Any CPU
		{C96F6A55-9D73-4505-92B6-8A2A7ED5728F}.Ad-Hoc|Any CPU.Deploy.0 = Release|Any CPU
		{C96F6A55-9D73-4505-92B6-8A2A7ED5728F}.Ad-Hoc|ARM.ActiveCfg = Release|Any CPU
		{C96F6A55-9D73-4505-92B6-8A2A7ED5728F}.Ad-Hoc|ARM.Build.0 = Release|Any CPU
		{C96F6A55-9D73-4505-92B6-8A2A7ED5728F}.Ad-Hoc|ARM.Deploy.0 = Release|Any CPU
		{C96F6A55-9D73-4505-92B6-8A2A7ED5728F}.Ad-Hoc|iPhone.ActiveCfg = Release|Any CPU
		{C96F6A55-9D73-4505-92B6-8A2A7ED5728F}.Ad-Hoc|iPhone.Build.0 = Release|Any CPU
		{C96F6A55-9D73-4505-92B6-8A2A7ED5728F}.Ad-Hoc|iPhone.Deploy.0 = Release|Any CPU
		{C96F6A55-9D73-4505-92B6-8A2A7ED5728F}.Ad-Hoc|iPhoneSimulator.ActiveCfg = Release|Any CPU
		{C96F6A55-9D73-4505-92B6-8A2A7ED5728F}.Ad-Hoc|iPhoneSimulator.Build.0 = Release|Any CPU
		{C96F6A55-9D73-4505-92B6-8A2A7ED5728F}.Ad-Hoc|iPhoneSimulator.Deploy.0 = Release|Any CPU
		{C96F6A55-9D73-4505-92B6-8A2A7ED5728F}.Ad-Hoc|x64.ActiveCfg = Release|Any CPU
		{C96F6A55-9D73-4505-92B6-8A2A7ED5728F}.Ad-Hoc|x64.Build.0 = Release|Any CPU
		{C96F6A55-9D73-4505-92B6-8A2A7ED5728F}.Ad-Hoc|x64.Deploy.0 = Release|Any CPU
		{C96F6A55-9D73-4505-92B6-8A2A7ED5728F}.Ad-Hoc|x86.ActiveCfg = Release|Any CPU
		{C96F6A55-9D73-4505-92B6-8A2A7ED5728F}.Ad-Hoc|x86.Build.0 = Release|Any CPU
		{C96F6A55-9D73-4505-92B6-8A2A7ED5728F}.Ad-Hoc|x86.Deploy.0 = Release|Any CPU
		{C96F6A55-9D73-4505-92B6-8A2A7ED5728F}.AppStore|Any CPU.ActiveCfg = Release|Any CPU
		{C96F6A55-9D73-4505-92B6-8A2A7ED5728F}.AppStore|Any CPU.Build.0 = Release|Any CPU
		{C96F6A55-9D73-4505-92B6-8A2A7ED5728F}.AppStore|Any CPU.Deploy.0 = Release|Any CPU
		{C96F6A55-9D73-4505-92B6-8A2A7ED5728F}.AppStore|ARM.ActiveCfg = Release|Any CPU
		{C96F6A55-9D73-4505-92B6-8A2A7ED5728F}.AppStore|ARM.Build.0 = Release|Any CPU
		{C96F6A55-9D73-4505-92B6-8A2A7ED5728F}.AppStore|ARM.Deploy.0 = Release|Any CPU
		{C96F6A55-9D73-4505-92B6-8A2A7ED5728F}.AppStore|iPhone.ActiveCfg = Release|Any CPU
		{C96F6A55-9D73-4505-92B6-8A2A7ED5728F}.AppStore|iPhone.Build.0 = Release|Any CPU
		{C96F6A55-9D73-4505-92B6-8A2A7ED5728F}.AppStore|iPhone.Deploy.0 = Release|Any CPU
		{C96F6A55-9D73-4505-92B6-8A2A7ED5728F}.AppStore|iPhoneSimulator.ActiveCfg = Release|Any CPU
		{C96F6A55-9D73-4505-92B6-8A2A7ED5728F}.AppStore|iPhoneSimulator.Build.0 = Release|Any CPU
		{C96F6A55-9D73-4505-92B6-8A2A7ED5728F}.AppStore|iPhoneSimulator.Deploy.0 = Release|Any CPU
		{C96F6A55-9D73-4505-92B6-8A2A7ED5728F}.AppStore|x64.ActiveCfg = Release|Any CPU
		{C96F6A55-9D73-4505-92B6-8A2A7ED5728F}.AppStore|x64.Build.0 = Release|Any CPU
		{C96F6A55-9D73-4505-92B6-8A2A7ED5728F}.AppStore|x64.Deploy.0 = Release|Any CPU
		{C96F6A55-9D73-4505-92B6-8A2A7ED5728F}.AppStore|x86.ActiveCfg = Release|Any CPU
		{C96F6A55-9D73-4505-92B6-8A2A7ED5728F}.AppStore|x86.Build.0 = Release|Any CPU
		{C96F6A55-9D73-4505-92B6-8A2A7ED5728F}.AppStore|x86.Deploy.0 = Release|Any CPU
		{C96F6A55-9D73-4505-92B6-8A2A7ED5728F}.Debug|Any CPU.ActiveCfg = Debug|Any CPU
		{C96F6A55-9D73-4505-92B6-8A2A7ED5728F}.Debug|Any CPU.Build.0 = Debug|Any CPU
		{C96F6A55-9D73-4505-92B6-8A2A7ED5728F}.Debug|Any CPU.Deploy.0 = Debug|Any CPU
		{C96F6A55-9D73-4505-92B6-8A2A7ED5728F}.Debug|ARM.ActiveCfg = Debug|Any CPU
		{C96F6A55-9D73-4505-92B6-8A2A7ED5728F}.Debug|ARM.Build.0 = Debug|Any CPU
		{C96F6A55-9D73-4505-92B6-8A2A7ED5728F}.Debug|ARM.Deploy.0 = Debug|Any CPU
		{C96F6A55-9D73-4505-92B6-8A2A7ED5728F}.Debug|iPhone.ActiveCfg = Debug|Any CPU
		{C96F6A55-9D73-4505-92B6-8A2A7ED5728F}.Debug|iPhone.Build.0 = Debug|Any CPU
		{C96F6A55-9D73-4505-92B6-8A2A7ED5728F}.Debug|iPhone.Deploy.0 = Debug|Any CPU
		{C96F6A55-9D73-4505-92B6-8A2A7ED5728F}.Debug|iPhoneSimulator.ActiveCfg = Debug|Any CPU
		{C96F6A55-9D73-4505-92B6-8A2A7ED5728F}.Debug|iPhoneSimulator.Build.0 = Debug|Any CPU
		{C96F6A55-9D73-4505-92B6-8A2A7ED5728F}.Debug|iPhoneSimulator.Deploy.0 = Debug|Any CPU
		{C96F6A55-9D73-4505-92B6-8A2A7ED5728F}.Debug|x64.ActiveCfg = Debug|Any CPU
		{C96F6A55-9D73-4505-92B6-8A2A7ED5728F}.Debug|x64.Build.0 = Debug|Any CPU
		{C96F6A55-9D73-4505-92B6-8A2A7ED5728F}.Debug|x64.Deploy.0 = Debug|Any CPU
		{C96F6A55-9D73-4505-92B6-8A2A7ED5728F}.Debug|x86.ActiveCfg = Debug|Any CPU
		{C96F6A55-9D73-4505-92B6-8A2A7ED5728F}.Debug|x86.Build.0 = Debug|Any CPU
		{C96F6A55-9D73-4505-92B6-8A2A7ED5728F}.Debug|x86.Deploy.0 = Debug|Any CPU
		{C96F6A55-9D73-4505-92B6-8A2A7ED5728F}.Release|Any CPU.ActiveCfg = Release|Any CPU
		{C96F6A55-9D73-4505-92B6-8A2A7ED5728F}.Release|Any CPU.Build.0 = Release|Any CPU
		{C96F6A55-9D73-4505-92B6-8A2A7ED5728F}.Release|Any CPU.Deploy.0 = Release|Any CPU
		{C96F6A55-9D73-4505-92B6-8A2A7ED5728F}.Release|ARM.ActiveCfg = Release|Any CPU
		{C96F6A55-9D73-4505-92B6-8A2A7ED5728F}.Release|ARM.Build.0 = Release|Any CPU
		{C96F6A55-9D73-4505-92B6-8A2A7ED5728F}.Release|ARM.Deploy.0 = Release|Any CPU
		{C96F6A55-9D73-4505-92B6-8A2A7ED5728F}.Release|iPhone.ActiveCfg = Release|Any CPU
		{C96F6A55-9D73-4505-92B6-8A2A7ED5728F}.Release|iPhone.Build.0 = Release|Any CPU
		{C96F6A55-9D73-4505-92B6-8A2A7ED5728F}.Release|iPhone.Deploy.0 = Release|Any CPU
		{C96F6A55-9D73-4505-92B6-8A2A7ED5728F}.Release|iPhoneSimulator.ActiveCfg = Release|Any CPU
		{C96F6A55-9D73-4505-92B6-8A2A7ED5728F}.Release|iPhoneSimulator.Build.0 = Release|Any CPU
		{C96F6A55-9D73-4505-92B6-8A2A7ED5728F}.Release|iPhoneSimulator.Deploy.0 = Release|Any CPU
		{C96F6A55-9D73-4505-92B6-8A2A7ED5728F}.Release|x64.ActiveCfg = Release|Any CPU
		{C96F6A55-9D73-4505-92B6-8A2A7ED5728F}.Release|x64.Build.0 = Release|Any CPU
		{C96F6A55-9D73-4505-92B6-8A2A7ED5728F}.Release|x64.Deploy.0 = Release|Any CPU
		{C96F6A55-9D73-4505-92B6-8A2A7ED5728F}.Release|x86.ActiveCfg = Release|Any CPU
		{C96F6A55-9D73-4505-92B6-8A2A7ED5728F}.Release|x86.Build.0 = Release|Any CPU
		{C96F6A55-9D73-4505-92B6-8A2A7ED5728F}.Release|x86.Deploy.0 = Release|Any CPU
		{2958D90D-0E82-4BC4-B959-03367A84C409}.Ad-Hoc|Any CPU.ActiveCfg = Release|Any CPU
		{2958D90D-0E82-4BC4-B959-03367A84C409}.Ad-Hoc|Any CPU.Build.0 = Release|Any CPU
		{2958D90D-0E82-4BC4-B959-03367A84C409}.Ad-Hoc|ARM.ActiveCfg = Release|Any CPU
		{2958D90D-0E82-4BC4-B959-03367A84C409}.Ad-Hoc|ARM.Build.0 = Release|Any CPU
		{2958D90D-0E82-4BC4-B959-03367A84C409}.Ad-Hoc|iPhone.ActiveCfg = Release|Any CPU
		{2958D90D-0E82-4BC4-B959-03367A84C409}.Ad-Hoc|iPhone.Build.0 = Release|Any CPU
		{2958D90D-0E82-4BC4-B959-03367A84C409}.Ad-Hoc|iPhoneSimulator.ActiveCfg = Release|Any CPU
		{2958D90D-0E82-4BC4-B959-03367A84C409}.Ad-Hoc|iPhoneSimulator.Build.0 = Release|Any CPU
		{2958D90D-0E82-4BC4-B959-03367A84C409}.Ad-Hoc|x64.ActiveCfg = Release|Any CPU
		{2958D90D-0E82-4BC4-B959-03367A84C409}.Ad-Hoc|x64.Build.0 = Release|Any CPU
		{2958D90D-0E82-4BC4-B959-03367A84C409}.Ad-Hoc|x86.ActiveCfg = Release|Any CPU
		{2958D90D-0E82-4BC4-B959-03367A84C409}.Ad-Hoc|x86.Build.0 = Release|Any CPU
		{2958D90D-0E82-4BC4-B959-03367A84C409}.AppStore|Any CPU.ActiveCfg = Release|Any CPU
		{2958D90D-0E82-4BC4-B959-03367A84C409}.AppStore|Any CPU.Build.0 = Release|Any CPU
		{2958D90D-0E82-4BC4-B959-03367A84C409}.AppStore|ARM.ActiveCfg = Release|Any CPU
		{2958D90D-0E82-4BC4-B959-03367A84C409}.AppStore|ARM.Build.0 = Release|Any CPU
		{2958D90D-0E82-4BC4-B959-03367A84C409}.AppStore|iPhone.ActiveCfg = Release|Any CPU
		{2958D90D-0E82-4BC4-B959-03367A84C409}.AppStore|iPhone.Build.0 = Release|Any CPU
		{2958D90D-0E82-4BC4-B959-03367A84C409}.AppStore|iPhoneSimulator.ActiveCfg = Release|Any CPU
		{2958D90D-0E82-4BC4-B959-03367A84C409}.AppStore|iPhoneSimulator.Build.0 = Release|Any CPU
		{2958D90D-0E82-4BC4-B959-03367A84C409}.AppStore|x64.ActiveCfg = Release|Any CPU
		{2958D90D-0E82-4BC4-B959-03367A84C409}.AppStore|x64.Build.0 = Release|Any CPU
		{2958D90D-0E82-4BC4-B959-03367A84C409}.AppStore|x86.ActiveCfg = Release|Any CPU
		{2958D90D-0E82-4BC4-B959-03367A84C409}.AppStore|x86.Build.0 = Release|Any CPU
		{2958D90D-0E82-4BC4-B959-03367A84C409}.Debug|Any CPU.ActiveCfg = Debug|Any CPU
		{2958D90D-0E82-4BC4-B959-03367A84C409}.Debug|Any CPU.Build.0 = Debug|Any CPU
		{2958D90D-0E82-4BC4-B959-03367A84C409}.Debug|ARM.ActiveCfg = Debug|Any CPU
		{2958D90D-0E82-4BC4-B959-03367A84C409}.Debug|ARM.Build.0 = Debug|Any CPU
		{2958D90D-0E82-4BC4-B959-03367A84C409}.Debug|iPhone.ActiveCfg = Debug|Any CPU
		{2958D90D-0E82-4BC4-B959-03367A84C409}.Debug|iPhone.Build.0 = Debug|Any CPU
		{2958D90D-0E82-4BC4-B959-03367A84C409}.Debug|iPhoneSimulator.ActiveCfg = Debug|Any CPU
		{2958D90D-0E82-4BC4-B959-03367A84C409}.Debug|iPhoneSimulator.Build.0 = Debug|Any CPU
		{2958D90D-0E82-4BC4-B959-03367A84C409}.Debug|x64.ActiveCfg = Debug|Any CPU
		{2958D90D-0E82-4BC4-B959-03367A84C409}.Debug|x64.Build.0 = Debug|Any CPU
		{2958D90D-0E82-4BC4-B959-03367A84C409}.Debug|x86.ActiveCfg = Debug|Any CPU
		{2958D90D-0E82-4BC4-B959-03367A84C409}.Debug|x86.Build.0 = Debug|Any CPU
		{2958D90D-0E82-4BC4-B959-03367A84C409}.Release|Any CPU.ActiveCfg = Release|Any CPU
		{2958D90D-0E82-4BC4-B959-03367A84C409}.Release|Any CPU.Build.0 = Release|Any CPU
		{2958D90D-0E82-4BC4-B959-03367A84C409}.Release|ARM.ActiveCfg = Release|Any CPU
		{2958D90D-0E82-4BC4-B959-03367A84C409}.Release|ARM.Build.0 = Release|Any CPU
		{2958D90D-0E82-4BC4-B959-03367A84C409}.Release|iPhone.ActiveCfg = Release|Any CPU
		{2958D90D-0E82-4BC4-B959-03367A84C409}.Release|iPhone.Build.0 = Release|Any CPU
		{2958D90D-0E82-4BC4-B959-03367A84C409}.Release|iPhoneSimulator.ActiveCfg = Release|Any CPU
		{2958D90D-0E82-4BC4-B959-03367A84C409}.Release|iPhoneSimulator.Build.0 = Release|Any CPU
		{2958D90D-0E82-4BC4-B959-03367A84C409}.Release|x64.ActiveCfg = Release|Any CPU
		{2958D90D-0E82-4BC4-B959-03367A84C409}.Release|x64.Build.0 = Release|Any CPU
		{2958D90D-0E82-4BC4-B959-03367A84C409}.Release|x86.ActiveCfg = Release|Any CPU
		{2958D90D-0E82-4BC4-B959-03367A84C409}.Release|x86.Build.0 = Release|Any CPU
		{42173378-02FB-4A30-B9F6-BB25CAE317BC}.Ad-Hoc|Any CPU.ActiveCfg = Release|x86
		{42173378-02FB-4A30-B9F6-BB25CAE317BC}.Ad-Hoc|Any CPU.Build.0 = Release|x86
		{42173378-02FB-4A30-B9F6-BB25CAE317BC}.Ad-Hoc|Any CPU.Deploy.0 = Release|x86
		{42173378-02FB-4A30-B9F6-BB25CAE317BC}.Ad-Hoc|ARM.ActiveCfg = Release|ARM
		{42173378-02FB-4A30-B9F6-BB25CAE317BC}.Ad-Hoc|ARM.Build.0 = Release|ARM
		{42173378-02FB-4A30-B9F6-BB25CAE317BC}.Ad-Hoc|ARM.Deploy.0 = Release|ARM
		{42173378-02FB-4A30-B9F6-BB25CAE317BC}.Ad-Hoc|iPhone.ActiveCfg = Release|x86
		{42173378-02FB-4A30-B9F6-BB25CAE317BC}.Ad-Hoc|iPhone.Build.0 = Release|x86
		{42173378-02FB-4A30-B9F6-BB25CAE317BC}.Ad-Hoc|iPhone.Deploy.0 = Release|x86
		{42173378-02FB-4A30-B9F6-BB25CAE317BC}.Ad-Hoc|iPhoneSimulator.ActiveCfg = Release|x86
		{42173378-02FB-4A30-B9F6-BB25CAE317BC}.Ad-Hoc|iPhoneSimulator.Build.0 = Release|x86
		{42173378-02FB-4A30-B9F6-BB25CAE317BC}.Ad-Hoc|iPhoneSimulator.Deploy.0 = Release|x86
		{42173378-02FB-4A30-B9F6-BB25CAE317BC}.Ad-Hoc|x64.ActiveCfg = Release|x64
		{42173378-02FB-4A30-B9F6-BB25CAE317BC}.Ad-Hoc|x64.Build.0 = Release|x64
		{42173378-02FB-4A30-B9F6-BB25CAE317BC}.Ad-Hoc|x64.Deploy.0 = Release|x64
		{42173378-02FB-4A30-B9F6-BB25CAE317BC}.Ad-Hoc|x86.ActiveCfg = Release|x86
		{42173378-02FB-4A30-B9F6-BB25CAE317BC}.Ad-Hoc|x86.Build.0 = Release|x86
		{42173378-02FB-4A30-B9F6-BB25CAE317BC}.Ad-Hoc|x86.Deploy.0 = Release|x86
		{42173378-02FB-4A30-B9F6-BB25CAE317BC}.AppStore|Any CPU.ActiveCfg = Release|x86
		{42173378-02FB-4A30-B9F6-BB25CAE317BC}.AppStore|Any CPU.Build.0 = Release|x86
		{42173378-02FB-4A30-B9F6-BB25CAE317BC}.AppStore|Any CPU.Deploy.0 = Release|x86
		{42173378-02FB-4A30-B9F6-BB25CAE317BC}.AppStore|ARM.ActiveCfg = Release|ARM
		{42173378-02FB-4A30-B9F6-BB25CAE317BC}.AppStore|ARM.Build.0 = Release|ARM
		{42173378-02FB-4A30-B9F6-BB25CAE317BC}.AppStore|ARM.Deploy.0 = Release|ARM
		{42173378-02FB-4A30-B9F6-BB25CAE317BC}.AppStore|iPhone.ActiveCfg = Release|x86
		{42173378-02FB-4A30-B9F6-BB25CAE317BC}.AppStore|iPhone.Build.0 = Release|x86
		{42173378-02FB-4A30-B9F6-BB25CAE317BC}.AppStore|iPhone.Deploy.0 = Release|x86
		{42173378-02FB-4A30-B9F6-BB25CAE317BC}.AppStore|iPhoneSimulator.ActiveCfg = Release|x86
		{42173378-02FB-4A30-B9F6-BB25CAE317BC}.AppStore|iPhoneSimulator.Build.0 = Release|x86
		{42173378-02FB-4A30-B9F6-BB25CAE317BC}.AppStore|iPhoneSimulator.Deploy.0 = Release|x86
		{42173378-02FB-4A30-B9F6-BB25CAE317BC}.AppStore|x64.ActiveCfg = Release|x64
		{42173378-02FB-4A30-B9F6-BB25CAE317BC}.AppStore|x64.Build.0 = Release|x64
		{42173378-02FB-4A30-B9F6-BB25CAE317BC}.AppStore|x64.Deploy.0 = Release|x64
		{42173378-02FB-4A30-B9F6-BB25CAE317BC}.AppStore|x86.ActiveCfg = Release|x86
		{42173378-02FB-4A30-B9F6-BB25CAE317BC}.AppStore|x86.Build.0 = Release|x86
		{42173378-02FB-4A30-B9F6-BB25CAE317BC}.AppStore|x86.Deploy.0 = Release|x86
		{42173378-02FB-4A30-B9F6-BB25CAE317BC}.Debug|Any CPU.ActiveCfg = Debug|x86
		{42173378-02FB-4A30-B9F6-BB25CAE317BC}.Debug|ARM.ActiveCfg = Debug|ARM
		{42173378-02FB-4A30-B9F6-BB25CAE317BC}.Debug|ARM.Build.0 = Debug|ARM
		{42173378-02FB-4A30-B9F6-BB25CAE317BC}.Debug|ARM.Deploy.0 = Debug|ARM
		{42173378-02FB-4A30-B9F6-BB25CAE317BC}.Debug|iPhone.ActiveCfg = Debug|x86
		{42173378-02FB-4A30-B9F6-BB25CAE317BC}.Debug|iPhoneSimulator.ActiveCfg = Debug|x86
		{42173378-02FB-4A30-B9F6-BB25CAE317BC}.Debug|x64.ActiveCfg = Debug|x64
		{42173378-02FB-4A30-B9F6-BB25CAE317BC}.Debug|x64.Build.0 = Debug|x64
		{42173378-02FB-4A30-B9F6-BB25CAE317BC}.Debug|x64.Deploy.0 = Debug|x64
		{42173378-02FB-4A30-B9F6-BB25CAE317BC}.Debug|x86.ActiveCfg = Debug|x86
		{42173378-02FB-4A30-B9F6-BB25CAE317BC}.Debug|x86.Build.0 = Debug|x86
		{42173378-02FB-4A30-B9F6-BB25CAE317BC}.Debug|x86.Deploy.0 = Debug|x86
		{42173378-02FB-4A30-B9F6-BB25CAE317BC}.Release|Any CPU.ActiveCfg = Release|x86
		{42173378-02FB-4A30-B9F6-BB25CAE317BC}.Release|ARM.ActiveCfg = Release|ARM
		{42173378-02FB-4A30-B9F6-BB25CAE317BC}.Release|ARM.Build.0 = Release|ARM
		{42173378-02FB-4A30-B9F6-BB25CAE317BC}.Release|ARM.Deploy.0 = Release|ARM
		{42173378-02FB-4A30-B9F6-BB25CAE317BC}.Release|iPhone.ActiveCfg = Release|x86
		{42173378-02FB-4A30-B9F6-BB25CAE317BC}.Release|iPhoneSimulator.ActiveCfg = Release|x86
		{42173378-02FB-4A30-B9F6-BB25CAE317BC}.Release|x64.ActiveCfg = Release|x64
		{42173378-02FB-4A30-B9F6-BB25CAE317BC}.Release|x64.Build.0 = Release|x64
		{42173378-02FB-4A30-B9F6-BB25CAE317BC}.Release|x64.Deploy.0 = Release|x64
		{42173378-02FB-4A30-B9F6-BB25CAE317BC}.Release|x86.ActiveCfg = Release|x86
		{42173378-02FB-4A30-B9F6-BB25CAE317BC}.Release|x86.Build.0 = Release|x86
		{42173378-02FB-4A30-B9F6-BB25CAE317BC}.Release|x86.Deploy.0 = Release|x86
		{B119E788-0CDA-4E93-AC01-3EB4B8C8023A}.Ad-Hoc|Any CPU.ActiveCfg = Ad-Hoc|iPhone
		{B119E788-0CDA-4E93-AC01-3EB4B8C8023A}.Ad-Hoc|ARM.ActiveCfg = Ad-Hoc|iPhone
		{B119E788-0CDA-4E93-AC01-3EB4B8C8023A}.Ad-Hoc|iPhone.ActiveCfg = Ad-Hoc|iPhone
		{B119E788-0CDA-4E93-AC01-3EB4B8C8023A}.Ad-Hoc|iPhone.Build.0 = Ad-Hoc|iPhone
		{B119E788-0CDA-4E93-AC01-3EB4B8C8023A}.Ad-Hoc|iPhoneSimulator.ActiveCfg = Ad-Hoc|iPhoneSimulator
		{B119E788-0CDA-4E93-AC01-3EB4B8C8023A}.Ad-Hoc|iPhoneSimulator.Build.0 = Ad-Hoc|iPhoneSimulator
		{B119E788-0CDA-4E93-AC01-3EB4B8C8023A}.Ad-Hoc|x64.ActiveCfg = Ad-Hoc|iPhone
		{B119E788-0CDA-4E93-AC01-3EB4B8C8023A}.Ad-Hoc|x86.ActiveCfg = Ad-Hoc|iPhone
		{B119E788-0CDA-4E93-AC01-3EB4B8C8023A}.AppStore|Any CPU.ActiveCfg = AppStore|iPhone
		{B119E788-0CDA-4E93-AC01-3EB4B8C8023A}.AppStore|ARM.ActiveCfg = AppStore|iPhone
		{B119E788-0CDA-4E93-AC01-3EB4B8C8023A}.AppStore|iPhone.ActiveCfg = AppStore|iPhone
		{B119E788-0CDA-4E93-AC01-3EB4B8C8023A}.AppStore|iPhone.Build.0 = AppStore|iPhone
		{B119E788-0CDA-4E93-AC01-3EB4B8C8023A}.AppStore|iPhoneSimulator.ActiveCfg = AppStore|iPhoneSimulator
		{B119E788-0CDA-4E93-AC01-3EB4B8C8023A}.AppStore|iPhoneSimulator.Build.0 = AppStore|iPhoneSimulator
		{B119E788-0CDA-4E93-AC01-3EB4B8C8023A}.AppStore|x64.ActiveCfg = AppStore|iPhone
		{B119E788-0CDA-4E93-AC01-3EB4B8C8023A}.AppStore|x86.ActiveCfg = AppStore|iPhone
		{B119E788-0CDA-4E93-AC01-3EB4B8C8023A}.Debug|Any CPU.ActiveCfg = Debug|iPhone
		{B119E788-0CDA-4E93-AC01-3EB4B8C8023A}.Debug|ARM.ActiveCfg = Debug|iPhone
		{B119E788-0CDA-4E93-AC01-3EB4B8C8023A}.Debug|iPhone.ActiveCfg = Debug|iPhone
		{B119E788-0CDA-4E93-AC01-3EB4B8C8023A}.Debug|iPhone.Build.0 = Debug|iPhone
		{B119E788-0CDA-4E93-AC01-3EB4B8C8023A}.Debug|iPhoneSimulator.ActiveCfg = Debug|iPhoneSimulator
		{B119E788-0CDA-4E93-AC01-3EB4B8C8023A}.Debug|iPhoneSimulator.Build.0 = Debug|iPhoneSimulator
		{B119E788-0CDA-4E93-AC01-3EB4B8C8023A}.Debug|x64.ActiveCfg = Debug|iPhone
		{B119E788-0CDA-4E93-AC01-3EB4B8C8023A}.Debug|x86.ActiveCfg = Debug|iPhone
		{B119E788-0CDA-4E93-AC01-3EB4B8C8023A}.Release|Any CPU.ActiveCfg = Release|iPhone
		{B119E788-0CDA-4E93-AC01-3EB4B8C8023A}.Release|ARM.ActiveCfg = Release|iPhone
		{B119E788-0CDA-4E93-AC01-3EB4B8C8023A}.Release|iPhone.ActiveCfg = Release|iPhone
		{B119E788-0CDA-4E93-AC01-3EB4B8C8023A}.Release|iPhone.Build.0 = Release|iPhone
		{B119E788-0CDA-4E93-AC01-3EB4B8C8023A}.Release|iPhoneSimulator.ActiveCfg = Release|iPhoneSimulator
		{B119E788-0CDA-4E93-AC01-3EB4B8C8023A}.Release|iPhoneSimulator.Build.0 = Release|iPhoneSimulator
		{B119E788-0CDA-4E93-AC01-3EB4B8C8023A}.Release|x64.ActiveCfg = Release|iPhone
		{B119E788-0CDA-4E93-AC01-3EB4B8C8023A}.Release|x86.ActiveCfg = Release|iPhone
	EndGlobalSection
	GlobalSection(SolutionProperties) = preSolution
		HideSolutionNode = FALSE
	EndGlobalSection
	GlobalSection(ExtensibilityGlobals) = postSolution
		SolutionGuid = {2800EEB9-BBDD-48AA-A7FE-5F8F9DAF2929}
	EndGlobalSection
EndGlobal
